
Microsoft Visual Studio Solution File, Format Version 12.00
# Visual Studio Version 16
VisualStudioVersion = 16.0.30804.86
MinimumVisualStudioVersion = 10.0.40219.1
Project("{9A19103F-16F7-4668-BE54-9A1E7A4F7556}") = "WebSPA", "Web\WebSPA\WebSPA.csproj", "{72887F42-3A9A-4D03-828A-E7D673F16EBC}"
EndProject
Project("{2150E333-8FDC-42A3-9474-1A3956D46DE8}") = "Web", "Web", "{EB693DC7-8EFE-4089-91C6-3760842DA217}"
EndProject
Global
	GlobalSection(SolutionConfigurationPlatforms) = preSolution
		Debug|Any CPU = Debug|Any CPU
		Release|Any CPU = Release|Any CPU
	EndGlobalSection
	GlobalSection(ProjectConfigurationPlatforms) = postSolution
		{72887F42-3A9A-4D03-828A-E7D673F16EBC}.Debug|Any CPU.ActiveCfg = Debug|Any CPU
		{72887F42-3A9A-4D03-828A-E7D673F16EBC}.Debug|Any CPU.Build.0 = Debug|Any CPU
		{72887F42-3A9A-4D03-828A-E7D673F16EBC}.Release|Any CPU.ActiveCfg = Release|Any CPU
		{72887F42-3A9A-4D03-828A-E7D673F16EBC}.Release|Any CPU.Build.0 = Release|Any CPU
	EndGlobalSection
	GlobalSection(SolutionProperties) = preSolution
		HideSolutionNode = FALSE
	EndGlobalSection
	GlobalSection(NestedProjects) = preSolution
		{72887F42-3A9A-4D03-828A-E7D673F16EBC} = {EB693DC7-8EFE-4089-91C6-3760842DA217}
	EndGlobalSection
	GlobalSection(ExtensibilityGlobals) = postSolution
		SolutionGuid = {6C6656CC-2AAB-43CD-9AD4-2233F632192A}
	EndGlobalSection
EndGlobal
