
Microsoft Visual Studio Solution File, Format Version 12.00
# Visual Studio Version 16
VisualStudioVersion = 16.0.30804.86
MinimumVisualStudioVersion = 10.0.40219.1
Project("{9A19103F-16F7-4668-BE54-9A1E7A4F7556}") = "WebSPA", "Web\WebSPA\WebSPA.csproj", "{72887F42-3A9A-4D03-828A-E7D673F16EBC}"
EndProject
Project("{2150E333-8FDC-42A3-9474-1A3956D46DE8}") = "Web", "Web", "{EB693DC7-8EFE-4089-91C6-3760842DA217}"
EndProject
Project("{2150E333-8FDC-42A3-9474-1A3956D46DE8}") = "Services", "Services", "{F61D6DF4-B31E-46D1-9F7A-B22204ED9FE2}"
EndProject
Project("{2150E333-8FDC-42A3-9474-1A3956D46DE8}") = "Identity", "Identity", "{47C54AC4-6A2B-4BA8-8581-041AE9102396}"
EndProject
Project("{9A19103F-16F7-4668-BE54-9A1E7A4F7556}") = "Identity.API", "Services\Identity\Identity.API\Identity.API.csproj", "{60FD749B-D5BD-4C37-89E0-31AA1146991E}"
EndProject
Project("{E53339B2-1760-4266-BCC7-CA923CBCF16C}") = "docker-compose", "docker-compose.dcproj", "{4C86576B-C7CE-46F8-B79A-05EBDB42D921}"
EndProject
Project("{2150E333-8FDC-42A3-9474-1A3956D46DE8}") = "SFU", "SFU", "{E8DD5A68-1EDB-4743-BCC7-52DE7F935E5F}"
	ProjectSection(SolutionItems) = preProject
		Services\SFU\Dockerfile = Services\SFU\Dockerfile
	EndProjectSection
EndProject
Project("{2150E333-8FDC-42A3-9474-1A3956D46DE8}") = "ConferenceManagement", "ConferenceManagement", "{1E91B583-050D-4034-A376-C14503186A40}"
EndProject
Project("{9A19103F-16F7-4668-BE54-9A1E7A4F7556}") = "PaderConference", "Services\ConferenceManagement\PaderConference\PaderConference.csproj", "{52AC5CF9-4D3C-4F50-A42A-8A9F3B68724F}"
EndProject
Project("{2150E333-8FDC-42A3-9474-1A3956D46DE8}") = "Libs", "Libs", "{BA80E327-2B2B-40EA-9AEE-0E5BFD71FB82}"
EndProject
Project("{9A19103F-16F7-4668-BE54-9A1E7A4F7556}") = "JsonPatchGenerator", "Libs\JsonPatchGenerator\JsonPatchGenerator.csproj", "{08B73921-ACD2-4142-90F1-A0C3E2AFC6A7}"
EndProject
Project("{9A19103F-16F7-4668-BE54-9A1E7A4F7556}") = "JsonPatchGenerator.Tests", "Libs\JsonPatchGenerator.Tests\JsonPatchGenerator.Tests.csproj", "{0136D9A0-0F67-4197-A2D3-4D9F54F1186B}"
EndProject
Project("{9A19103F-16F7-4668-BE54-9A1E7A4F7556}") = "PaderConference.Core", "Services\ConferenceManagement\PaderConference.Core\PaderConference.Core.csproj", "{4E9D3E79-01CE-4236-A0B7-BA7117F7EFDC}"
EndProject
Project("{9A19103F-16F7-4668-BE54-9A1E7A4F7556}") = "PaderConference.Core.Tests", "Services\ConferenceManagement\PaderConference.Core.Tests\PaderConference.Core.Tests.csproj", "{9AF5B8F0-381F-45A9-9C03-EBC58517F2F9}"
EndProject
Project("{9A19103F-16F7-4668-BE54-9A1E7A4F7556}") = "PaderConference.Infrastructure", "Services\ConferenceManagement\PaderConference.Infrastructure\PaderConference.Infrastructure.csproj", "{B020BABC-657C-4965-BDE3-AFA965C3CD0B}"
EndProject
Project("{9A19103F-16F7-4668-BE54-9A1E7A4F7556}") = "PaderConference.Infrastructure.Tests", "Services\ConferenceManagement\PaderConference.Infrastructure.Tests\PaderConference.Infrastructure.Tests.csproj", "{49692C86-AE6E-49DC-BDDF-7846760AA565}"
EndProject
Project("{9A19103F-16F7-4668-BE54-9A1E7A4F7556}") = "PaderConference.IntegrationTests", "Services\ConferenceManagement\PaderConference.IntegrationTests\PaderConference.IntegrationTests.csproj", "{1D4840A5-5A27-44E8-8348-8A044F6DA57F}"
EndProject
Project("{9A19103F-16F7-4668-BE54-9A1E7A4F7556}") = "PaderConference.Tests", "Services\ConferenceManagement\PaderConference.Tests\PaderConference.Tests.csproj", "{D6D34A8A-D2DD-46C4-ACAD-C60E395024B9}"
EndProject
Project("{2150E333-8FDC-42A3-9474-1A3956D46DE8}") = "Tests", "Tests", "{BD9A0067-58EE-43C5-A171-4660EF33B40F}"
EndProject
Project("{9A19103F-16F7-4668-BE54-9A1E7A4F7556}") = "PaderConference.CoreOld", "Services\ConferenceManagement\PaderConference.CoreOld\PaderConference.CoreOld.csproj", "{A8699926-0495-4D7C-AF53-96D33E7100FB}"
EndProject
Project("{9A19103F-16F7-4668-BE54-9A1E7A4F7556}") = "PaderConference.Core.TestsOld", "Services\ConferenceManagement\PaderConference.Core.TestsOld\PaderConference.Core.TestsOld.csproj", "{C5BD2082-629C-4EB7-84F7-57255CF064CE}"
EndProject
Project("{9A19103F-16F7-4668-BE54-9A1E7A4F7556}") = "PaderConference.Core.IntegrationTests", "Services\ConferenceManagement\PaderConference.Core.IntegrationTests\PaderConference.Core.IntegrationTests.csproj", "{7312667B-171C-44BB-82D9-DBCFD089B81F}"
EndProject
Project("{FAE04EC0-301F-11D3-BF4B-00C04F79EFBC}") = "PaderConference.Tests.Utils", "Services\ConferenceManagement\PaderConference.Tests.Utils\PaderConference.Tests.Utils.csproj", "{A8B829F0-C68C-4587-B0B2-B0535AB1AAD3}"
EndProject
Global
	GlobalSection(SolutionConfigurationPlatforms) = preSolution
		Debug|Any CPU = Debug|Any CPU
		Release|Any CPU = Release|Any CPU
	EndGlobalSection
	GlobalSection(ProjectConfigurationPlatforms) = postSolution
		{72887F42-3A9A-4D03-828A-E7D673F16EBC}.Debug|Any CPU.ActiveCfg = Debug|Any CPU
		{72887F42-3A9A-4D03-828A-E7D673F16EBC}.Debug|Any CPU.Build.0 = Debug|Any CPU
		{72887F42-3A9A-4D03-828A-E7D673F16EBC}.Release|Any CPU.ActiveCfg = Release|Any CPU
		{72887F42-3A9A-4D03-828A-E7D673F16EBC}.Release|Any CPU.Build.0 = Release|Any CPU
		{60FD749B-D5BD-4C37-89E0-31AA1146991E}.Debug|Any CPU.ActiveCfg = Debug|Any CPU
		{60FD749B-D5BD-4C37-89E0-31AA1146991E}.Debug|Any CPU.Build.0 = Debug|Any CPU
		{60FD749B-D5BD-4C37-89E0-31AA1146991E}.Release|Any CPU.ActiveCfg = Release|Any CPU
		{60FD749B-D5BD-4C37-89E0-31AA1146991E}.Release|Any CPU.Build.0 = Release|Any CPU
		{4C86576B-C7CE-46F8-B79A-05EBDB42D921}.Debug|Any CPU.ActiveCfg = Debug|Any CPU
		{4C86576B-C7CE-46F8-B79A-05EBDB42D921}.Debug|Any CPU.Build.0 = Debug|Any CPU
		{4C86576B-C7CE-46F8-B79A-05EBDB42D921}.Release|Any CPU.ActiveCfg = Release|Any CPU
		{4C86576B-C7CE-46F8-B79A-05EBDB42D921}.Release|Any CPU.Build.0 = Release|Any CPU
		{52AC5CF9-4D3C-4F50-A42A-8A9F3B68724F}.Debug|Any CPU.ActiveCfg = Debug|Any CPU
		{52AC5CF9-4D3C-4F50-A42A-8A9F3B68724F}.Debug|Any CPU.Build.0 = Debug|Any CPU
		{52AC5CF9-4D3C-4F50-A42A-8A9F3B68724F}.Release|Any CPU.ActiveCfg = Release|Any CPU
		{52AC5CF9-4D3C-4F50-A42A-8A9F3B68724F}.Release|Any CPU.Build.0 = Release|Any CPU
		{08B73921-ACD2-4142-90F1-A0C3E2AFC6A7}.Debug|Any CPU.ActiveCfg = Debug|Any CPU
		{08B73921-ACD2-4142-90F1-A0C3E2AFC6A7}.Debug|Any CPU.Build.0 = Debug|Any CPU
		{08B73921-ACD2-4142-90F1-A0C3E2AFC6A7}.Release|Any CPU.ActiveCfg = Release|Any CPU
		{08B73921-ACD2-4142-90F1-A0C3E2AFC6A7}.Release|Any CPU.Build.0 = Release|Any CPU
		{0136D9A0-0F67-4197-A2D3-4D9F54F1186B}.Debug|Any CPU.ActiveCfg = Debug|Any CPU
		{0136D9A0-0F67-4197-A2D3-4D9F54F1186B}.Debug|Any CPU.Build.0 = Debug|Any CPU
		{0136D9A0-0F67-4197-A2D3-4D9F54F1186B}.Release|Any CPU.ActiveCfg = Release|Any CPU
		{0136D9A0-0F67-4197-A2D3-4D9F54F1186B}.Release|Any CPU.Build.0 = Release|Any CPU
		{4E9D3E79-01CE-4236-A0B7-BA7117F7EFDC}.Debug|Any CPU.ActiveCfg = Debug|Any CPU
		{4E9D3E79-01CE-4236-A0B7-BA7117F7EFDC}.Debug|Any CPU.Build.0 = Debug|Any CPU
		{4E9D3E79-01CE-4236-A0B7-BA7117F7EFDC}.Release|Any CPU.ActiveCfg = Release|Any CPU
		{4E9D3E79-01CE-4236-A0B7-BA7117F7EFDC}.Release|Any CPU.Build.0 = Release|Any CPU
		{9AF5B8F0-381F-45A9-9C03-EBC58517F2F9}.Debug|Any CPU.ActiveCfg = Debug|Any CPU
		{9AF5B8F0-381F-45A9-9C03-EBC58517F2F9}.Debug|Any CPU.Build.0 = Debug|Any CPU
		{9AF5B8F0-381F-45A9-9C03-EBC58517F2F9}.Release|Any CPU.ActiveCfg = Release|Any CPU
		{9AF5B8F0-381F-45A9-9C03-EBC58517F2F9}.Release|Any CPU.Build.0 = Release|Any CPU
		{B020BABC-657C-4965-BDE3-AFA965C3CD0B}.Debug|Any CPU.ActiveCfg = Debug|Any CPU
		{B020BABC-657C-4965-BDE3-AFA965C3CD0B}.Debug|Any CPU.Build.0 = Debug|Any CPU
		{B020BABC-657C-4965-BDE3-AFA965C3CD0B}.Release|Any CPU.ActiveCfg = Release|Any CPU
		{B020BABC-657C-4965-BDE3-AFA965C3CD0B}.Release|Any CPU.Build.0 = Release|Any CPU
		{49692C86-AE6E-49DC-BDDF-7846760AA565}.Debug|Any CPU.ActiveCfg = Debug|Any CPU
		{49692C86-AE6E-49DC-BDDF-7846760AA565}.Debug|Any CPU.Build.0 = Debug|Any CPU
		{49692C86-AE6E-49DC-BDDF-7846760AA565}.Release|Any CPU.ActiveCfg = Release|Any CPU
		{49692C86-AE6E-49DC-BDDF-7846760AA565}.Release|Any CPU.Build.0 = Release|Any CPU
		{1D4840A5-5A27-44E8-8348-8A044F6DA57F}.Debug|Any CPU.ActiveCfg = Debug|Any CPU
		{1D4840A5-5A27-44E8-8348-8A044F6DA57F}.Debug|Any CPU.Build.0 = Debug|Any CPU
		{1D4840A5-5A27-44E8-8348-8A044F6DA57F}.Release|Any CPU.ActiveCfg = Release|Any CPU
		{1D4840A5-5A27-44E8-8348-8A044F6DA57F}.Release|Any CPU.Build.0 = Release|Any CPU
		{D6D34A8A-D2DD-46C4-ACAD-C60E395024B9}.Debug|Any CPU.ActiveCfg = Debug|Any CPU
		{D6D34A8A-D2DD-46C4-ACAD-C60E395024B9}.Debug|Any CPU.Build.0 = Debug|Any CPU
		{D6D34A8A-D2DD-46C4-ACAD-C60E395024B9}.Release|Any CPU.ActiveCfg = Release|Any CPU
		{D6D34A8A-D2DD-46C4-ACAD-C60E395024B9}.Release|Any CPU.Build.0 = Release|Any CPU
		{A8699926-0495-4D7C-AF53-96D33E7100FB}.Debug|Any CPU.ActiveCfg = Debug|Any CPU
		{A8699926-0495-4D7C-AF53-96D33E7100FB}.Debug|Any CPU.Build.0 = Debug|Any CPU
		{A8699926-0495-4D7C-AF53-96D33E7100FB}.Release|Any CPU.ActiveCfg = Release|Any CPU
		{A8699926-0495-4D7C-AF53-96D33E7100FB}.Release|Any CPU.Build.0 = Release|Any CPU
		{C5BD2082-629C-4EB7-84F7-57255CF064CE}.Debug|Any CPU.ActiveCfg = Debug|Any CPU
		{C5BD2082-629C-4EB7-84F7-57255CF064CE}.Debug|Any CPU.Build.0 = Debug|Any CPU
		{C5BD2082-629C-4EB7-84F7-57255CF064CE}.Release|Any CPU.ActiveCfg = Release|Any CPU
		{C5BD2082-629C-4EB7-84F7-57255CF064CE}.Release|Any CPU.Build.0 = Release|Any CPU
		{7312667B-171C-44BB-82D9-DBCFD089B81F}.Debug|Any CPU.ActiveCfg = Debug|Any CPU
		{7312667B-171C-44BB-82D9-DBCFD089B81F}.Debug|Any CPU.Build.0 = Debug|Any CPU
		{7312667B-171C-44BB-82D9-DBCFD089B81F}.Release|Any CPU.ActiveCfg = Release|Any CPU
		{7312667B-171C-44BB-82D9-DBCFD089B81F}.Release|Any CPU.Build.0 = Release|Any CPU
		{A8B829F0-C68C-4587-B0B2-B0535AB1AAD3}.Debug|Any CPU.ActiveCfg = Debug|Any CPU
		{A8B829F0-C68C-4587-B0B2-B0535AB1AAD3}.Debug|Any CPU.Build.0 = Debug|Any CPU
		{A8B829F0-C68C-4587-B0B2-B0535AB1AAD3}.Release|Any CPU.ActiveCfg = Release|Any CPU
		{A8B829F0-C68C-4587-B0B2-B0535AB1AAD3}.Release|Any CPU.Build.0 = Release|Any CPU
	EndGlobalSection
	GlobalSection(SolutionProperties) = preSolution
		HideSolutionNode = FALSE
	EndGlobalSection
	GlobalSection(NestedProjects) = preSolution
		{72887F42-3A9A-4D03-828A-E7D673F16EBC} = {EB693DC7-8EFE-4089-91C6-3760842DA217}
		{47C54AC4-6A2B-4BA8-8581-041AE9102396} = {F61D6DF4-B31E-46D1-9F7A-B22204ED9FE2}
		{60FD749B-D5BD-4C37-89E0-31AA1146991E} = {47C54AC4-6A2B-4BA8-8581-041AE9102396}
		{E8DD5A68-1EDB-4743-BCC7-52DE7F935E5F} = {F61D6DF4-B31E-46D1-9F7A-B22204ED9FE2}
		{1E91B583-050D-4034-A376-C14503186A40} = {F61D6DF4-B31E-46D1-9F7A-B22204ED9FE2}
		{52AC5CF9-4D3C-4F50-A42A-8A9F3B68724F} = {1E91B583-050D-4034-A376-C14503186A40}
		{08B73921-ACD2-4142-90F1-A0C3E2AFC6A7} = {BA80E327-2B2B-40EA-9AEE-0E5BFD71FB82}
		{0136D9A0-0F67-4197-A2D3-4D9F54F1186B} = {BA80E327-2B2B-40EA-9AEE-0E5BFD71FB82}
		{4E9D3E79-01CE-4236-A0B7-BA7117F7EFDC} = {1E91B583-050D-4034-A376-C14503186A40}
		{9AF5B8F0-381F-45A9-9C03-EBC58517F2F9} = {BD9A0067-58EE-43C5-A171-4660EF33B40F}
		{B020BABC-657C-4965-BDE3-AFA965C3CD0B} = {1E91B583-050D-4034-A376-C14503186A40}
		{49692C86-AE6E-49DC-BDDF-7846760AA565} = {BD9A0067-58EE-43C5-A171-4660EF33B40F}
		{1D4840A5-5A27-44E8-8348-8A044F6DA57F} = {BD9A0067-58EE-43C5-A171-4660EF33B40F}
		{D6D34A8A-D2DD-46C4-ACAD-C60E395024B9} = {BD9A0067-58EE-43C5-A171-4660EF33B40F}
		{BD9A0067-58EE-43C5-A171-4660EF33B40F} = {1E91B583-050D-4034-A376-C14503186A40}
		{A8699926-0495-4D7C-AF53-96D33E7100FB} = {1E91B583-050D-4034-A376-C14503186A40}
		{C5BD2082-629C-4EB7-84F7-57255CF064CE} = {BD9A0067-58EE-43C5-A171-4660EF33B40F}
		{7312667B-171C-44BB-82D9-DBCFD089B81F} = {BD9A0067-58EE-43C5-A171-4660EF33B40F}
		{A8B829F0-C68C-4587-B0B2-B0535AB1AAD3} = {BD9A0067-58EE-43C5-A171-4660EF33B40F}
	EndGlobalSection
	GlobalSection(ExtensibilityGlobals) = postSolution
		SolutionGuid = {6C6656CC-2AAB-43CD-9AD4-2233F632192A}
	EndGlobalSection
EndGlobal
